// !$*UTF8*$!
{
	archiveVersion = 1;
	classes = {
	};
	objectVersion = 48;
	objects = {

/* Begin PBXBuildFile section */
		059D20C0202850EF00000825 /* CorrectAnswerViewController.swift in Sources */ = {isa = PBXBuildFile; fileRef = 059D20BF202850EF00000825 /* CorrectAnswerViewController.swift */; };
		059D20C22028579700000825 /* IncorrectAnswerViewController.swift in Sources */ = {isa = PBXBuildFile; fileRef = 059D20C12028579700000825 /* IncorrectAnswerViewController.swift */; };
		059D20C4202858C100000825 /* StartScreenViewController.swift in Sources */ = {isa = PBXBuildFile; fileRef = 059D20C3202858C100000825 /* StartScreenViewController.swift */; };
		05E2550C2014BAB600E25201 /* ElephantCall.mp3 in Resources */ = {isa = PBXBuildFile; fileRef = 05E2550B2014BAB600E25201 /* ElephantCall.mp3 */; };
		C3439CDD1FF289D200A37461 /* AppDelegate.swift in Sources */ = {isa = PBXBuildFile; fileRef = C3439CDC1FF289D200A37461 /* AppDelegate.swift */; };
		C3439CDF1FF289D200A37461 /* ViewController.swift in Sources */ = {isa = PBXBuildFile; fileRef = C3439CDE1FF289D200A37461 /* ViewController.swift */; };
		C3439CE21FF289D200A37461 /* Main.storyboard in Resources */ = {isa = PBXBuildFile; fileRef = C3439CE01FF289D200A37461 /* Main.storyboard */; };
		C3439CE41FF289D200A37461 /* Assets.xcassets in Resources */ = {isa = PBXBuildFile; fileRef = C3439CE31FF289D200A37461 /* Assets.xcassets */; };
		C3439CE71FF289D200A37461 /* LaunchScreen.storyboard in Resources */ = {isa = PBXBuildFile; fileRef = C3439CE51FF289D200A37461 /* LaunchScreen.storyboard */; };
/* End PBXBuildFile section */

/* Begin PBXFileReference section */
		059D20BF202850EF00000825 /* CorrectAnswerViewController.swift */ = {isa = PBXFileReference; lastKnownFileType = sourcecode.swift; path = CorrectAnswerViewController.swift; sourceTree = "<group>"; };
		059D20C12028579700000825 /* IncorrectAnswerViewController.swift */ = {isa = PBXFileReference; lastKnownFileType = sourcecode.swift; path = IncorrectAnswerViewController.swift; sourceTree = "<group>"; };
		059D20C3202858C100000825 /* StartScreenViewController.swift */ = {isa = PBXFileReference; lastKnownFileType = sourcecode.swift; path = StartScreenViewController.swift; sourceTree = "<group>"; };
		05E2550B2014BAB600E25201 /* ElephantCall.mp3 */ = {isa = PBXFileReference; lastKnownFileType = audio.mp3; path = ElephantCall.mp3; sourceTree = "<group>"; };
		C3439CD91FF289D200A37461 /* Edmund's Economics.app */ = {isa = PBXFileReference; explicitFileType = wrapper.application; includeInIndex = 0; path = "Edmund's Economics.app"; sourceTree = BUILT_PRODUCTS_DIR; };
		C3439CDC1FF289D200A37461 /* AppDelegate.swift */ = {isa = PBXFileReference; lastKnownFileType = sourcecode.swift; path = AppDelegate.swift; sourceTree = "<group>"; };
		C3439CDE1FF289D200A37461 /* ViewController.swift */ = {isa = PBXFileReference; lastKnownFileType = sourcecode.swift; path = ViewController.swift; sourceTree = "<group>"; };
		C3439CE11FF289D200A37461 /* Base */ = {isa = PBXFileReference; lastKnownFileType = file.storyboard; name = Base; path = Base.lproj/Main.storyboard; sourceTree = "<group>"; };
		C3439CE31FF289D200A37461 /* Assets.xcassets */ = {isa = PBXFileReference; lastKnownFileType = folder.assetcatalog; path = Assets.xcassets; sourceTree = "<group>"; };
		C3439CE61FF289D200A37461 /* Base */ = {isa = PBXFileReference; lastKnownFileType = file.storyboard; name = Base; path = Base.lproj/LaunchScreen.storyboard; sourceTree = "<group>"; };
		C3439CE81FF289D200A37461 /* Info.plist */ = {isa = PBXFileReference; lastKnownFileType = text.plist.xml; path = Info.plist; sourceTree = "<group>"; };
/* End PBXFileReference section */

/* Begin PBXFrameworksBuildPhase section */
		C3439CD61FF289D200A37461 /* Frameworks */ = {
			isa = PBXFrameworksBuildPhase;
			buildActionMask = 2147483647;
			files = (
			);
			runOnlyForDeploymentPostprocessing = 0;
		};
/* End PBXFrameworksBuildPhase section */

/* Begin PBXGroup section */
		C3439CD01FF289D200A37461 = {
			isa = PBXGroup;
			children = (
				C3439CDB1FF289D200A37461 /* Edmund's Economics */,
				C3439CDA1FF289D200A37461 /* Products */,
			);
			sourceTree = "<group>";
		};
		C3439CDA1FF289D200A37461 /* Products */ = {
			isa = PBXGroup;
			children = (
				C3439CD91FF289D200A37461 /* Edmund's Economics.app */,
			);
			name = Products;
			sourceTree = "<group>";
		};
		C3439CDB1FF289D200A37461 /* Edmund's Economics */ = {
			isa = PBXGroup;
			children = (
				C3439CDC1FF289D200A37461 /* AppDelegate.swift */,
				C3439CDE1FF289D200A37461 /* ViewController.swift */,
				059D20C12028579700000825 /* IncorrectAnswerViewController.swift */,
				059D20C3202858C100000825 /* StartScreenViewController.swift */,
				059D20BF202850EF00000825 /* CorrectAnswerViewController.swift */,
				C3439CE01FF289D200A37461 /* Main.storyboard */,
				C3439CE31FF289D200A37461 /* Assets.xcassets */,
				05E2550B2014BAB600E25201 /* ElephantCall.mp3 */,
				C3439CE51FF289D200A37461 /* LaunchScreen.storyboard */,
				C3439CE81FF289D200A37461 /* Info.plist */,
			);
			path = "Edmund's Economics";
			sourceTree = "<group>";
		};
/* End PBXGroup section */

/* Begin PBXNativeTarget section */
		C3439CD81FF289D200A37461 /* Edmund's Economics */ = {
			isa = PBXNativeTarget;
			buildConfigurationList = C3439CEB1FF289D200A37461 /* Build configuration list for PBXNativeTarget "Edmund's Economics" */;
			buildPhases = (
				C3439CD51FF289D200A37461 /* Sources */,
				C3439CD61FF289D200A37461 /* Frameworks */,
				C3439CD71FF289D200A37461 /* Resources */,
			);
			buildRules = (
			);
			dependencies = (
			);
			name = "Edmund's Economics";
			productName = "Edmund's Economics";
			productReference = C3439CD91FF289D200A37461 /* Edmund's Economics.app */;
			productType = "com.apple.product-type.application";
		};
/* End PBXNativeTarget section */

/* Begin PBXProject section */
		C3439CD11FF289D200A37461 /* Project object */ = {
			isa = PBXProject;
			attributes = {
				LastSwiftUpdateCheck = 0900;
				LastUpgradeCheck = 0900;
				ORGANIZATIONNAME = "Olivia Sykes";
				TargetAttributes = {
					C3439CD81FF289D200A37461 = {
						CreatedOnToolsVersion = 9.0;
						ProvisioningStyle = Automatic;
					};
				};
			};
			buildConfigurationList = C3439CD41FF289D200A37461 /* Build configuration list for PBXProject "Edmund's Economics" */;
			compatibilityVersion = "Xcode 8.0";
			developmentRegion = en;
			hasScannedForEncodings = 0;
			knownRegions = (
				en,
				Base,
			);
			mainGroup = C3439CD01FF289D200A37461;
			productRefGroup = C3439CDA1FF289D200A37461 /* Products */;
			projectDirPath = "";
			projectRoot = "";
			targets = (
				C3439CD81FF289D200A37461 /* Edmund's Economics */,
			);
		};
/* End PBXProject section */

/* Begin PBXResourcesBuildPhase section */
		C3439CD71FF289D200A37461 /* Resources */ = {
			isa = PBXResourcesBuildPhase;
			buildActionMask = 2147483647;
			files = (
				C3439CE71FF289D200A37461 /* LaunchScreen.storyboard in Resources */,
				C3439CE41FF289D200A37461 /* Assets.xcassets in Resources */,
				C3439CE21FF289D200A37461 /* Main.storyboard in Resources */,
				05E2550C2014BAB600E25201 /* ElephantCall.mp3 in Resources */,
			);
			runOnlyForDeploymentPostprocessing = 0;
		};
/* End PBXResourcesBuildPhase section */

/* Begin PBXSourcesBuildPhase section */
		C3439CD51FF289D200A37461 /* Sources */ = {
			isa = PBXSourcesBuildPhase;
			buildActionMask = 2147483647;
			files = (
				C3439CDF1FF289D200A37461 /* ViewController.swift in Sources */,
				C3439CDD1FF289D200A37461 /* AppDelegate.swift in Sources */,
				059D20C22028579700000825 /* IncorrectAnswerViewController.swift in Sources */,
				059D20C0202850EF00000825 /* CorrectAnswerViewController.swift in Sources */,
				059D20C4202858C100000825 /* StartScreenViewController.swift in Sources */,
			);
			runOnlyForDeploymentPostprocessing = 0;
		};
/* End PBXSourcesBuildPhase section */

/* Begin PBXVariantGroup section */
		C3439CE01FF289D200A37461 /* Main.storyboard */ = {
			isa = PBXVariantGroup;
			children = (
				C3439CE11FF289D200A37461 /* Base */,
			);
			name = Main.storyboard;
			sourceTree = "<group>";
		};
		C3439CE51FF289D200A37461 /* LaunchScreen.storyboard */ = {
			isa = PBXVariantGroup;
			children = (
				C3439CE61FF289D200A37461 /* Base */,
			);
			name = LaunchScreen.storyboard;
			sourceTree = "<group>";
		};
/* End PBXVariantGroup section */

/* Begin XCBuildConfiguration section */
		C3439CE91FF289D200A37461 /* Debug */ = {
			isa = XCBuildConfiguration;
			buildSettings = {
				ALWAYS_SEARCH_USER_PATHS = NO;
				CLANG_ANALYZER_NONNULL = YES;
				CLANG_ANALYZER_NUMBER_OBJECT_CONVERSION = YES_AGGRESSIVE;
				CLANG_CXX_LANGUAGE_STANDARD = "gnu++14";
				CLANG_CXX_LIBRARY = "libc++";
				CLANG_ENABLE_MODULES = YES;
				CLANG_ENABLE_OBJC_ARC = YES;
				CLANG_WARN_BLOCK_CAPTURE_AUTORELEASING = YES;
				CLANG_WARN_BOOL_CONVERSION = YES;
				CLANG_WARN_COMMA = YES;
				CLANG_WARN_CONSTANT_CONVERSION = YES;
				CLANG_WARN_DIRECT_OBJC_ISA_USAGE = YES_ERROR;
				CLANG_WARN_DOCUMENTATION_COMMENTS = YES;
				CLANG_WARN_EMPTY_BODY = YES;
				CLANG_WARN_ENUM_CONVERSION = YES;
				CLANG_WARN_INFINITE_RECURSION = YES;
				CLANG_WARN_INT_CONVERSION = YES;
				CLANG_WARN_NON_LITERAL_NULL_CONVERSION = YES;
				CLANG_WARN_OBJC_LITERAL_CONVERSION = YES;
				CLANG_WARN_OBJC_ROOT_CLASS = YES_ERROR;
				CLANG_WARN_RANGE_LOOP_ANALYSIS = YES;
				CLANG_WARN_STRICT_PROTOTYPES = YES;
				CLANG_WARN_SUSPICIOUS_MOVE = YES;
				CLANG_WARN_UNGUARDED_AVAILABILITY = YES_AGGRESSIVE;
				CLANG_WARN_UNREACHABLE_CODE = YES;
				CLANG_WARN__DUPLICATE_METHOD_MATCH = YES;
				CODE_SIGN_IDENTITY = "iPhone Developer";
				COPY_PHASE_STRIP = NO;
				DEBUG_INFORMATION_FORMAT = dwarf;
				ENABLE_STRICT_OBJC_MSGSEND = YES;
				ENABLE_TESTABILITY = YES;
				GCC_C_LANGUAGE_STANDARD = gnu11;
				GCC_DYNAMIC_NO_PIC = NO;
				GCC_NO_COMMON_BLOCKS = YES;
				GCC_OPTIMIZATION_LEVEL = 0;
				GCC_PREPROCESSOR_DEFINITIONS = (
					"DEBUG=1",
					"$(inherited)",
				);
				GCC_WARN_64_TO_32_BIT_CONVERSION = YES;
				GCC_WARN_ABOUT_RETURN_TYPE = YES_ERROR;
				GCC_WARN_UNDECLARED_SELECTOR = YES;
				GCC_WARN_UNINITIALIZED_AUTOS = YES_AGGRESSIVE;
				GCC_WARN_UNUSED_FUNCTION = YES;
				GCC_WARN_UNUSED_VARIABLE = YES;
				IPHONEOS_DEPLOYMENT_TARGET = 11.0;
				MTL_ENABLE_DEBUG_INFO = YES;
				ONLY_ACTIVE_ARCH = YES;
				SDKROOT = iphoneos;
				SWIFT_ACTIVE_COMPILATION_CONDITIONS = DEBUG;
				SWIFT_OPTIMIZATION_LEVEL = "-Onone";
			};
			name = Debug;
		};
		C3439CEA1FF289D200A37461 /* Release */ = {
			isa = XCBuildConfiguration;
			buildSettings = {
				ALWAYS_SEARCH_USER_PATHS = NO;
				CLANG_ANALYZER_NONNULL = YES;
				CLANG_ANALYZER_NUMBER_OBJECT_CONVERSION = YES_AGGRESSIVE;
				CLANG_CXX_LANGUAGE_STANDARD = "gnu++14";
				CLANG_CXX_LIBRARY = "libc++";
				CLANG_ENABLE_MODULES = YES;
				CLANG_ENABLE_OBJC_ARC = YES;
				CLANG_WARN_BLOCK_CAPTURE_AUTORELEASING = YES;
				CLANG_WARN_BOOL_CONVERSION = YES;
				CLANG_WARN_COMMA = YES;
				CLANG_WARN_CONSTANT_CONVERSION = YES;
				CLANG_WARN_DIRECT_OBJC_ISA_USAGE = YES_ERROR;
				CLANG_WARN_DOCUMENTATION_COMMENTS = YES;
				CLANG_WARN_EMPTY_BODY = YES;
				CLANG_WARN_ENUM_CONVERSION = YES;
				CLANG_WARN_INFINITE_RECURSION = YES;
				CLANG_WARN_INT_CONVERSION = YES;
				CLANG_WARN_NON_LITERAL_NULL_CONVERSION = YES;
				CLANG_WARN_OBJC_LITERAL_CONVERSION = YES;
				CLANG_WARN_OBJC_ROOT_CLASS = YES_ERROR;
				CLANG_WARN_RANGE_LOOP_ANALYSIS = YES;
				CLANG_WARN_STRICT_PROTOTYPES = YES;
				CLANG_WARN_SUSPICIOUS_MOVE = YES;
				CLANG_WARN_UNGUARDED_AVAILABILITY = YES_AGGRESSIVE;
				CLANG_WARN_UNREACHABLE_CODE = YES;
				CLANG_WARN__DUPLICATE_METHOD_MATCH = YES;
				CODE_SIGN_IDENTITY = "iPhone Developer";
				COPY_PHASE_STRIP = NO;
				DEBUG_INFORMATION_FORMAT = "dwarf-with-dsym";
				ENABLE_NS_ASSERTIONS = NO;
				ENABLE_STRICT_OBJC_MSGSEND = YES;
				GCC_C_LANGUAGE_STANDARD = gnu11;
				GCC_NO_COMMON_BLOCKS = YES;
				GCC_WARN_64_TO_32_BIT_CONVERSION = YES;
				GCC_WARN_ABOUT_RETURN_TYPE = YES_ERROR;
				GCC_WARN_UNDECLARED_SELECTOR = YES;
				GCC_WARN_UNINITIALIZED_AUTOS = YES_AGGRESSIVE;
				GCC_WARN_UNUSED_FUNCTION = YES;
				GCC_WARN_UNUSED_VARIABLE = YES;
				IPHONEOS_DEPLOYMENT_TARGET = 11.0;
				MTL_ENABLE_DEBUG_INFO = NO;
				SDKROOT = iphoneos;
				SWIFT_OPTIMIZATION_LEVEL = "-Owholemodule";
				VALIDATE_PRODUCT = YES;
			};
			name = Release;
		};
		C3439CEC1FF289D200A37461 /* Debug */ = {
			isa = XCBuildConfiguration;
			buildSettings = {
				ASSETCATALOG_COMPILER_APPICON_NAME = AppIcon;
				CODE_SIGN_STYLE = Automatic;
				DEVELOPMENT_TEAM = 59M5493J4Y;
				INFOPLIST_FILE = "Edmund's Economics/Info.plist";
				LD_RUNPATH_SEARCH_PATHS = "$(inherited) @executable_path/Frameworks";
				PRODUCT_BUNDLE_IDENTIFIER = "com.example.Edmund-s-Economics";
				PRODUCT_NAME = "$(TARGET_NAME)";
				SWIFT_VERSION = 4.0;
				TARGETED_DEVICE_FAMILY = "1,2";
			};
			name = Debug;
		};
		C3439CED1FF289D200A37461 /* Release */ = {
			isa = XCBuildConfiguration;
			buildSettings = {
				ASSETCATALOG_COMPILER_APPICON_NAME = AppIcon;
				CODE_SIGN_STYLE = Automatic;
				DEVELOPMENT_TEAM = 59M5493J4Y;
				INFOPLIST_FILE = "Edmund's Economics/Info.plist";
				LD_RUNPATH_SEARCH_PATHS = "$(inherited) @executable_path/Frameworks";
				PRODUCT_BUNDLE_IDENTIFIER = "com.example.Edmund-s-Economics";
				PRODUCT_NAME = "$(TARGET_NAME)";
				SWIFT_VERSION = 4.0;
				TARGETED_DEVICE_FAMILY = "1,2";
			};
			name = Release;
		};
/* End XCBuildConfiguration section */

/* Begin XCConfigurationList section */
		C3439CD41FF289D200A37461 /* Build configuration list for PBXProject "Edmund's Economics" */ = {
			isa = XCConfigurationList;
			buildConfigurations = (
				C3439CE91FF289D200A37461 /* Debug */,
				C3439CEA1FF289D200A37461 /* Release */,
			);
			defaultConfigurationIsVisible = 0;
			defaultConfigurationName = Release;
		};
		C3439CEB1FF289D200A37461 /* Build configuration list for PBXNativeTarget "Edmund's Economics" */ = {
			isa = XCConfigurationList;
			buildConfigurations = (
				C3439CEC1FF289D200A37461 /* Debug */,
				C3439CED1FF289D200A37461 /* Release */,
			);
			defaultConfigurationIsVisible = 0;
			defaultConfigurationName = Release;
		};
/* End XCConfigurationList section */
	};
	rootObject = C3439CD11FF289D200A37461 /* Project object */;
}
